
Microsoft Visual Studio Solution File, Format Version 12.00
# Visual Studio 15
VisualStudioVersion = 15.0.28307.329
MinimumVisualStudioVersion = 10.0.40219.1
Project("{FAE04EC0-301F-11D3-BF4B-00C04F79EFBC}") = "ConsoleApp1", "ConsoleApp1\ConsoleApp1.csproj", "{192C0BDB-8DC7-497A-9B81-5118580FFF4A}"
EndProject
Project("{FAE04EC0-301F-11D3-BF4B-00C04F79EFBC}") = "WindowsFormsApp1", "WindowsFormsApp1\WindowsFormsApp1.csproj", "{875F6B3F-725D-435E-8551-7AA8DF5FFBA4}"
EndProject
Project("{FAE04EC0-301F-11D3-BF4B-00C04F79EFBC}") = "ConsoleApp2", "ConsoleApp2\ConsoleApp2.csproj", "{C13EED05-A19F-44EF-9C16-BD949C72CE69}"
EndProject
Project("{FAE04EC0-301F-11D3-BF4B-00C04F79EFBC}") = "ConsoleApp3", "ConsoleApp3\ConsoleApp3.csproj", "{1A55F4DB-9293-4D0A-865B-47B2074BCDC5}"
EndProject
Project("{FAE04EC0-301F-11D3-BF4B-00C04F79EFBC}") = "ConsoleApp4", "ConsoleApp4\ConsoleApp4.csproj", "{87F73192-E241-4F64-ADC8-777B4F8D9474}"
EndProject
Project("{9A19103F-16F7-4668-BE54-9A1E7A4F7556}") = "ConsoleApp5", "ConsoleApp5\ConsoleApp5.csproj", "{12401863-E2AD-4628-975F-8AEA4FAF1F43}"
EndProject
Project("{9A19103F-16F7-4668-BE54-9A1E7A4F7556}") = "ConsoleApp6", "ConsoleApp6\ConsoleApp6.csproj", "{C535761A-BE1B-474A-8AFE-D045F1C96699}"
EndProject
Project("{9A19103F-16F7-4668-BE54-9A1E7A4F7556}") = "ConsoleApp7", "ConsoleApp7\ConsoleApp7.csproj", "{AF927F5E-7519-49A4-9C82-567BA3FD7ADD}"
EndProject
Project("{9A19103F-16F7-4668-BE54-9A1E7A4F7556}") = "ConsoleApp8", "ConsoleApp8\ConsoleApp8.csproj", "{EBC52D19-86DD-4CB6-8DB2-5AA9DA4E226E}"
EndProject
Project("{9A19103F-16F7-4668-BE54-9A1E7A4F7556}") = "ConsoleApp9", "ConsoleApp9\ConsoleApp9.csproj", "{B9A5D32C-32A7-4061-91FD-D84AA75F611D}"
EndProject
Project("{9A19103F-16F7-4668-BE54-9A1E7A4F7556}") = "ConsoleApp10", "ConsoleApp10\ConsoleApp10.csproj", "{F86417EA-FF49-4E46-B874-4DDB645DB57A}"
EndProject
Project("{9A19103F-16F7-4668-BE54-9A1E7A4F7556}") = "ConsoleApp11", "ConsoleApp11\ConsoleApp11.csproj", "{4EB0CF53-5D30-43A9-B71F-1766873550C7}"
EndProject
Project("{9A19103F-16F7-4668-BE54-9A1E7A4F7556}") = "ConsoleApp12", "ConsoleApp12\ConsoleApp12.csproj", "{FCDDF1FB-A32E-4DBF-B432-4A3D7008C3C6}"
EndProject
Project("{9A19103F-16F7-4668-BE54-9A1E7A4F7556}") = "ConsoleApp13", "ConsoleApp13\ConsoleApp13.csproj", "{F6F3D271-C9D3-4B9E-8E53-9F094601FF61}"
EndProject
Project("{FAE04EC0-301F-11D3-BF4B-00C04F79EFBC}") = "FFmpegDemo", "FFmpegDemo\FFmpegDemo.csproj", "{BF252615-A5B5-4C16-B048-D7D19EF0DF10}"
EndProject
Project("{9A19103F-16F7-4668-BE54-9A1E7A4F7556}") = "ConsoleApp14", "ConsoleApp14\ConsoleApp14.csproj", "{8A645886-624F-4F08-A849-02EB92DAD42F}"
EndProject
Project("{FAE04EC0-301F-11D3-BF4B-00C04F79EFBC}") = "ConsoleApp15", "ConsoleApp15\ConsoleApp15.csproj", "{2F666D58-AC9F-4011-B3C2-9DBCD0C92456}"
EndProject
Project("{8BC9CEB8-8B4A-11D0-8D11-00A0C91BC942}") = "ConsoleApplication1", "ConsoleApplication1\ConsoleApplication1.vcxproj", "{8D0AC741-259D-457D-9771-1257C1CE1694}"
EndProject
Project("{8BC9CEB8-8B4A-11D0-8D11-00A0C91BC942}") = "ConsoleApplication2", "ConsoleApplication2\ConsoleApplication2.vcxproj", "{9520E4B1-BA39-479E-88D9-DB757A573633}"
EndProject
Project("{9A19103F-16F7-4668-BE54-9A1E7A4F7556}") = "ConsoleApp16", "ConsoleApp16\ConsoleApp16.csproj", "{761F938D-4DE0-4368-84DC-C57684A0F575}"
EndProject
Project("{FAE04EC0-301F-11D3-BF4B-00C04F79EFBC}") = "UnitTestProject1", "UnitTestProject1\UnitTestProject1.csproj", "{3998D435-3E61-4F48-8B4E-0A353C86DE9F}"
EndProject
Project("{8BC9CEB8-8B4A-11D0-8D11-00A0C91BC942}") = "ConsoleApplication3", "ConsoleApplication3\ConsoleApplication3.vcxproj", "{D03D8684-2117-4D05-A3EE-A0B61A6CBAC6}"
EndProject
Project("{FAE04EC0-301F-11D3-BF4B-00C04F79EFBC}") = "Client", "Client\Client.csproj", "{88ABCF8B-4651-4657-8FD8-FE899A92D227}"
EndProject
Project("{FAE04EC0-301F-11D3-BF4B-00C04F79EFBC}") = "Server", "Server\Server.csproj", "{068E554E-D2CF-408A-800B-9A8C36427750}"
EndProject
Project("{9A19103F-16F7-4668-BE54-9A1E7A4F7556}") = "ConsoleApp17", "ConsoleApp17\ConsoleApp17.csproj", "{F72AD030-ED82-4AEC-91FC-44B1CB512D66}"
EndProject
Project("{FAE04EC0-301F-11D3-BF4B-00C04F79EFBC}") = "WebApplication1", "WebApplication1\WebApplication1.csproj", "{F0933644-6FFA-45F2-AE40-2EE2B557819A}"
EndProject
Project("{FAE04EC0-301F-11D3-BF4B-00C04F79EFBC}") = "WebApplication2", "WebApplication2\WebApplication2.csproj", "{56A1E928-0BE3-4C71-8D55-E7B1B97A25B0}"
EndProject
Project("{FAE04EC0-301F-11D3-BF4B-00C04F79EFBC}") = "WebSocketApp1", "WebSocketApp1\WebSocketApp1.csproj", "{BFFC7143-3EC7-4BAC-BFAE-D1D8F5EF2059}"
EndProject
Project("{FAE04EC0-301F-11D3-BF4B-00C04F79EFBC}") = "Examples.Common", "Examples.Common\Examples.Common.csproj", "{2B826FD2-DAB7-461C-85DB-A55919D6CE04}"
EndProject
Global
	GlobalSection(SolutionConfigurationPlatforms) = preSolution
		Debug|Any CPU = Debug|Any CPU
		Debug|ARM = Debug|ARM
		Debug|ARM64 = Debug|ARM64
		Debug|x64 = Debug|x64
		Debug|x86 = Debug|x86
		Release|Any CPU = Release|Any CPU
		Release|ARM = Release|ARM
		Release|ARM64 = Release|ARM64
		Release|x64 = Release|x64
		Release|x86 = Release|x86
	EndGlobalSection
	GlobalSection(ProjectConfigurationPlatforms) = postSolution
		{192C0BDB-8DC7-497A-9B81-5118580FFF4A}.Debug|Any CPU.ActiveCfg = Debug|Any CPU
		{192C0BDB-8DC7-497A-9B81-5118580FFF4A}.Debug|Any CPU.Build.0 = Debug|Any CPU
		{192C0BDB-8DC7-497A-9B81-5118580FFF4A}.Debug|ARM.ActiveCfg = Debug|Any CPU
		{192C0BDB-8DC7-497A-9B81-5118580FFF4A}.Debug|ARM.Build.0 = Debug|Any CPU
		{192C0BDB-8DC7-497A-9B81-5118580FFF4A}.Debug|ARM64.ActiveCfg = Debug|Any CPU
		{192C0BDB-8DC7-497A-9B81-5118580FFF4A}.Debug|ARM64.Build.0 = Debug|Any CPU
		{192C0BDB-8DC7-497A-9B81-5118580FFF4A}.Debug|x64.ActiveCfg = Debug|Any CPU
		{192C0BDB-8DC7-497A-9B81-5118580FFF4A}.Debug|x64.Build.0 = Debug|Any CPU
		{192C0BDB-8DC7-497A-9B81-5118580FFF4A}.Debug|x86.ActiveCfg = Debug|Any CPU
		{192C0BDB-8DC7-497A-9B81-5118580FFF4A}.Debug|x86.Build.0 = Debug|Any CPU
		{192C0BDB-8DC7-497A-9B81-5118580FFF4A}.Release|Any CPU.ActiveCfg = Release|Any CPU
		{192C0BDB-8DC7-497A-9B81-5118580FFF4A}.Release|Any CPU.Build.0 = Release|Any CPU
		{192C0BDB-8DC7-497A-9B81-5118580FFF4A}.Release|ARM.ActiveCfg = Release|Any CPU
		{192C0BDB-8DC7-497A-9B81-5118580FFF4A}.Release|ARM.Build.0 = Release|Any CPU
		{192C0BDB-8DC7-497A-9B81-5118580FFF4A}.Release|ARM64.ActiveCfg = Release|Any CPU
		{192C0BDB-8DC7-497A-9B81-5118580FFF4A}.Release|ARM64.Build.0 = Release|Any CPU
		{192C0BDB-8DC7-497A-9B81-5118580FFF4A}.Release|x64.ActiveCfg = Release|Any CPU
		{192C0BDB-8DC7-497A-9B81-5118580FFF4A}.Release|x64.Build.0 = Release|Any CPU
		{192C0BDB-8DC7-497A-9B81-5118580FFF4A}.Release|x86.ActiveCfg = Release|Any CPU
		{192C0BDB-8DC7-497A-9B81-5118580FFF4A}.Release|x86.Build.0 = Release|Any CPU
		{875F6B3F-725D-435E-8551-7AA8DF5FFBA4}.Debug|Any CPU.ActiveCfg = Debug|Any CPU
		{875F6B3F-725D-435E-8551-7AA8DF5FFBA4}.Debug|Any CPU.Build.0 = Debug|Any CPU
		{875F6B3F-725D-435E-8551-7AA8DF5FFBA4}.Debug|ARM.ActiveCfg = Debug|Any CPU
		{875F6B3F-725D-435E-8551-7AA8DF5FFBA4}.Debug|ARM.Build.0 = Debug|Any CPU
		{875F6B3F-725D-435E-8551-7AA8DF5FFBA4}.Debug|ARM64.ActiveCfg = Debug|Any CPU
		{875F6B3F-725D-435E-8551-7AA8DF5FFBA4}.Debug|ARM64.Build.0 = Debug|Any CPU
		{875F6B3F-725D-435E-8551-7AA8DF5FFBA4}.Debug|x64.ActiveCfg = Debug|Any CPU
		{875F6B3F-725D-435E-8551-7AA8DF5FFBA4}.Debug|x64.Build.0 = Debug|Any CPU
		{875F6B3F-725D-435E-8551-7AA8DF5FFBA4}.Debug|x86.ActiveCfg = Debug|Any CPU
		{875F6B3F-725D-435E-8551-7AA8DF5FFBA4}.Debug|x86.Build.0 = Debug|Any CPU
		{875F6B3F-725D-435E-8551-7AA8DF5FFBA4}.Release|Any CPU.ActiveCfg = Release|Any CPU
		{875F6B3F-725D-435E-8551-7AA8DF5FFBA4}.Release|Any CPU.Build.0 = Release|Any CPU
		{875F6B3F-725D-435E-8551-7AA8DF5FFBA4}.Release|ARM.ActiveCfg = Release|Any CPU
		{875F6B3F-725D-435E-8551-7AA8DF5FFBA4}.Release|ARM.Build.0 = Release|Any CPU
		{875F6B3F-725D-435E-8551-7AA8DF5FFBA4}.Release|ARM64.ActiveCfg = Release|Any CPU
		{875F6B3F-725D-435E-8551-7AA8DF5FFBA4}.Release|ARM64.Build.0 = Release|Any CPU
		{875F6B3F-725D-435E-8551-7AA8DF5FFBA4}.Release|x64.ActiveCfg = Release|Any CPU
		{875F6B3F-725D-435E-8551-7AA8DF5FFBA4}.Release|x64.Build.0 = Release|Any CPU
		{875F6B3F-725D-435E-8551-7AA8DF5FFBA4}.Release|x86.ActiveCfg = Release|Any CPU
		{875F6B3F-725D-435E-8551-7AA8DF5FFBA4}.Release|x86.Build.0 = Release|Any CPU
		{C13EED05-A19F-44EF-9C16-BD949C72CE69}.Debug|Any CPU.ActiveCfg = Debug|Any CPU
		{C13EED05-A19F-44EF-9C16-BD949C72CE69}.Debug|Any CPU.Build.0 = Debug|Any CPU
		{C13EED05-A19F-44EF-9C16-BD949C72CE69}.Debug|ARM.ActiveCfg = Debug|Any CPU
		{C13EED05-A19F-44EF-9C16-BD949C72CE69}.Debug|ARM.Build.0 = Debug|Any CPU
		{C13EED05-A19F-44EF-9C16-BD949C72CE69}.Debug|ARM64.ActiveCfg = Debug|Any CPU
		{C13EED05-A19F-44EF-9C16-BD949C72CE69}.Debug|ARM64.Build.0 = Debug|Any CPU
		{C13EED05-A19F-44EF-9C16-BD949C72CE69}.Debug|x64.ActiveCfg = Debug|Any CPU
		{C13EED05-A19F-44EF-9C16-BD949C72CE69}.Debug|x64.Build.0 = Debug|Any CPU
		{C13EED05-A19F-44EF-9C16-BD949C72CE69}.Debug|x86.ActiveCfg = Debug|Any CPU
		{C13EED05-A19F-44EF-9C16-BD949C72CE69}.Debug|x86.Build.0 = Debug|Any CPU
		{C13EED05-A19F-44EF-9C16-BD949C72CE69}.Release|Any CPU.ActiveCfg = Release|Any CPU
		{C13EED05-A19F-44EF-9C16-BD949C72CE69}.Release|Any CPU.Build.0 = Release|Any CPU
		{C13EED05-A19F-44EF-9C16-BD949C72CE69}.Release|ARM.ActiveCfg = Release|Any CPU
		{C13EED05-A19F-44EF-9C16-BD949C72CE69}.Release|ARM.Build.0 = Release|Any CPU
		{C13EED05-A19F-44EF-9C16-BD949C72CE69}.Release|ARM64.ActiveCfg = Release|Any CPU
		{C13EED05-A19F-44EF-9C16-BD949C72CE69}.Release|ARM64.Build.0 = Release|Any CPU
		{C13EED05-A19F-44EF-9C16-BD949C72CE69}.Release|x64.ActiveCfg = Release|Any CPU
		{C13EED05-A19F-44EF-9C16-BD949C72CE69}.Release|x64.Build.0 = Release|Any CPU
		{C13EED05-A19F-44EF-9C16-BD949C72CE69}.Release|x86.ActiveCfg = Release|Any CPU
		{C13EED05-A19F-44EF-9C16-BD949C72CE69}.Release|x86.Build.0 = Release|Any CPU
		{1A55F4DB-9293-4D0A-865B-47B2074BCDC5}.Debug|Any CPU.ActiveCfg = Debug|Any CPU
		{1A55F4DB-9293-4D0A-865B-47B2074BCDC5}.Debug|Any CPU.Build.0 = Debug|Any CPU
		{1A55F4DB-9293-4D0A-865B-47B2074BCDC5}.Debug|ARM.ActiveCfg = Debug|Any CPU
		{1A55F4DB-9293-4D0A-865B-47B2074BCDC5}.Debug|ARM.Build.0 = Debug|Any CPU
		{1A55F4DB-9293-4D0A-865B-47B2074BCDC5}.Debug|ARM64.ActiveCfg = Debug|Any CPU
		{1A55F4DB-9293-4D0A-865B-47B2074BCDC5}.Debug|ARM64.Build.0 = Debug|Any CPU
		{1A55F4DB-9293-4D0A-865B-47B2074BCDC5}.Debug|x64.ActiveCfg = Debug|Any CPU
		{1A55F4DB-9293-4D0A-865B-47B2074BCDC5}.Debug|x64.Build.0 = Debug|Any CPU
		{1A55F4DB-9293-4D0A-865B-47B2074BCDC5}.Debug|x86.ActiveCfg = Debug|Any CPU
		{1A55F4DB-9293-4D0A-865B-47B2074BCDC5}.Debug|x86.Build.0 = Debug|Any CPU
		{1A55F4DB-9293-4D0A-865B-47B2074BCDC5}.Release|Any CPU.ActiveCfg = Release|Any CPU
		{1A55F4DB-9293-4D0A-865B-47B2074BCDC5}.Release|Any CPU.Build.0 = Release|Any CPU
		{1A55F4DB-9293-4D0A-865B-47B2074BCDC5}.Release|ARM.ActiveCfg = Release|Any CPU
		{1A55F4DB-9293-4D0A-865B-47B2074BCDC5}.Release|ARM.Build.0 = Release|Any CPU
		{1A55F4DB-9293-4D0A-865B-47B2074BCDC5}.Release|ARM64.ActiveCfg = Release|Any CPU
		{1A55F4DB-9293-4D0A-865B-47B2074BCDC5}.Release|ARM64.Build.0 = Release|Any CPU
		{1A55F4DB-9293-4D0A-865B-47B2074BCDC5}.Release|x64.ActiveCfg = Release|Any CPU
		{1A55F4DB-9293-4D0A-865B-47B2074BCDC5}.Release|x64.Build.0 = Release|Any CPU
		{1A55F4DB-9293-4D0A-865B-47B2074BCDC5}.Release|x86.ActiveCfg = Release|Any CPU
		{1A55F4DB-9293-4D0A-865B-47B2074BCDC5}.Release|x86.Build.0 = Release|Any CPU
		{87F73192-E241-4F64-ADC8-777B4F8D9474}.Debug|Any CPU.ActiveCfg = Debug|Any CPU
		{87F73192-E241-4F64-ADC8-777B4F8D9474}.Debug|Any CPU.Build.0 = Debug|Any CPU
		{87F73192-E241-4F64-ADC8-777B4F8D9474}.Debug|ARM.ActiveCfg = Debug|Any CPU
		{87F73192-E241-4F64-ADC8-777B4F8D9474}.Debug|ARM.Build.0 = Debug|Any CPU
		{87F73192-E241-4F64-ADC8-777B4F8D9474}.Debug|ARM64.ActiveCfg = Debug|Any CPU
		{87F73192-E241-4F64-ADC8-777B4F8D9474}.Debug|ARM64.Build.0 = Debug|Any CPU
		{87F73192-E241-4F64-ADC8-777B4F8D9474}.Debug|x64.ActiveCfg = Debug|Any CPU
		{87F73192-E241-4F64-ADC8-777B4F8D9474}.Debug|x64.Build.0 = Debug|Any CPU
		{87F73192-E241-4F64-ADC8-777B4F8D9474}.Debug|x86.ActiveCfg = Debug|Any CPU
		{87F73192-E241-4F64-ADC8-777B4F8D9474}.Debug|x86.Build.0 = Debug|Any CPU
		{87F73192-E241-4F64-ADC8-777B4F8D9474}.Release|Any CPU.ActiveCfg = Release|Any CPU
		{87F73192-E241-4F64-ADC8-777B4F8D9474}.Release|Any CPU.Build.0 = Release|Any CPU
		{87F73192-E241-4F64-ADC8-777B4F8D9474}.Release|ARM.ActiveCfg = Release|Any CPU
		{87F73192-E241-4F64-ADC8-777B4F8D9474}.Release|ARM.Build.0 = Release|Any CPU
		{87F73192-E241-4F64-ADC8-777B4F8D9474}.Release|ARM64.ActiveCfg = Release|Any CPU
		{87F73192-E241-4F64-ADC8-777B4F8D9474}.Release|ARM64.Build.0 = Release|Any CPU
		{87F73192-E241-4F64-ADC8-777B4F8D9474}.Release|x64.ActiveCfg = Release|Any CPU
		{87F73192-E241-4F64-ADC8-777B4F8D9474}.Release|x64.Build.0 = Release|Any CPU
		{87F73192-E241-4F64-ADC8-777B4F8D9474}.Release|x86.ActiveCfg = Release|Any CPU
		{87F73192-E241-4F64-ADC8-777B4F8D9474}.Release|x86.Build.0 = Release|Any CPU
		{12401863-E2AD-4628-975F-8AEA4FAF1F43}.Debug|Any CPU.ActiveCfg = Debug|Any CPU
		{12401863-E2AD-4628-975F-8AEA4FAF1F43}.Debug|Any CPU.Build.0 = Debug|Any CPU
		{12401863-E2AD-4628-975F-8AEA4FAF1F43}.Debug|ARM.ActiveCfg = Debug|Any CPU
		{12401863-E2AD-4628-975F-8AEA4FAF1F43}.Debug|ARM.Build.0 = Debug|Any CPU
		{12401863-E2AD-4628-975F-8AEA4FAF1F43}.Debug|ARM64.ActiveCfg = Debug|Any CPU
		{12401863-E2AD-4628-975F-8AEA4FAF1F43}.Debug|ARM64.Build.0 = Debug|Any CPU
		{12401863-E2AD-4628-975F-8AEA4FAF1F43}.Debug|x64.ActiveCfg = Debug|Any CPU
		{12401863-E2AD-4628-975F-8AEA4FAF1F43}.Debug|x64.Build.0 = Debug|Any CPU
		{12401863-E2AD-4628-975F-8AEA4FAF1F43}.Debug|x86.ActiveCfg = Debug|Any CPU
		{12401863-E2AD-4628-975F-8AEA4FAF1F43}.Debug|x86.Build.0 = Debug|Any CPU
		{12401863-E2AD-4628-975F-8AEA4FAF1F43}.Release|Any CPU.ActiveCfg = Release|Any CPU
		{12401863-E2AD-4628-975F-8AEA4FAF1F43}.Release|Any CPU.Build.0 = Release|Any CPU
		{12401863-E2AD-4628-975F-8AEA4FAF1F43}.Release|ARM.ActiveCfg = Release|Any CPU
		{12401863-E2AD-4628-975F-8AEA4FAF1F43}.Release|ARM.Build.0 = Release|Any CPU
		{12401863-E2AD-4628-975F-8AEA4FAF1F43}.Release|ARM64.ActiveCfg = Release|Any CPU
		{12401863-E2AD-4628-975F-8AEA4FAF1F43}.Release|ARM64.Build.0 = Release|Any CPU
		{12401863-E2AD-4628-975F-8AEA4FAF1F43}.Release|x64.ActiveCfg = Release|Any CPU
		{12401863-E2AD-4628-975F-8AEA4FAF1F43}.Release|x64.Build.0 = Release|Any CPU
		{12401863-E2AD-4628-975F-8AEA4FAF1F43}.Release|x86.ActiveCfg = Release|Any CPU
		{12401863-E2AD-4628-975F-8AEA4FAF1F43}.Release|x86.Build.0 = Release|Any CPU
		{C535761A-BE1B-474A-8AFE-D045F1C96699}.Debug|Any CPU.ActiveCfg = Debug|Any CPU
		{C535761A-BE1B-474A-8AFE-D045F1C96699}.Debug|Any CPU.Build.0 = Debug|Any CPU
		{C535761A-BE1B-474A-8AFE-D045F1C96699}.Debug|ARM.ActiveCfg = Debug|Any CPU
		{C535761A-BE1B-474A-8AFE-D045F1C96699}.Debug|ARM.Build.0 = Debug|Any CPU
		{C535761A-BE1B-474A-8AFE-D045F1C96699}.Debug|ARM64.ActiveCfg = Debug|Any CPU
		{C535761A-BE1B-474A-8AFE-D045F1C96699}.Debug|ARM64.Build.0 = Debug|Any CPU
		{C535761A-BE1B-474A-8AFE-D045F1C96699}.Debug|x64.ActiveCfg = Debug|Any CPU
		{C535761A-BE1B-474A-8AFE-D045F1C96699}.Debug|x64.Build.0 = Debug|Any CPU
		{C535761A-BE1B-474A-8AFE-D045F1C96699}.Debug|x86.ActiveCfg = Debug|Any CPU
		{C535761A-BE1B-474A-8AFE-D045F1C96699}.Debug|x86.Build.0 = Debug|Any CPU
		{C535761A-BE1B-474A-8AFE-D045F1C96699}.Release|Any CPU.ActiveCfg = Release|Any CPU
		{C535761A-BE1B-474A-8AFE-D045F1C96699}.Release|Any CPU.Build.0 = Release|Any CPU
		{C535761A-BE1B-474A-8AFE-D045F1C96699}.Release|ARM.ActiveCfg = Release|Any CPU
		{C535761A-BE1B-474A-8AFE-D045F1C96699}.Release|ARM.Build.0 = Release|Any CPU
		{C535761A-BE1B-474A-8AFE-D045F1C96699}.Release|ARM64.ActiveCfg = Release|Any CPU
		{C535761A-BE1B-474A-8AFE-D045F1C96699}.Release|ARM64.Build.0 = Release|Any CPU
		{C535761A-BE1B-474A-8AFE-D045F1C96699}.Release|x64.ActiveCfg = Release|Any CPU
		{C535761A-BE1B-474A-8AFE-D045F1C96699}.Release|x64.Build.0 = Release|Any CPU
		{C535761A-BE1B-474A-8AFE-D045F1C96699}.Release|x86.ActiveCfg = Release|Any CPU
		{C535761A-BE1B-474A-8AFE-D045F1C96699}.Release|x86.Build.0 = Release|Any CPU
		{AF927F5E-7519-49A4-9C82-567BA3FD7ADD}.Debug|Any CPU.ActiveCfg = Debug|Any CPU
		{AF927F5E-7519-49A4-9C82-567BA3FD7ADD}.Debug|Any CPU.Build.0 = Debug|Any CPU
		{AF927F5E-7519-49A4-9C82-567BA3FD7ADD}.Debug|ARM.ActiveCfg = Debug|Any CPU
		{AF927F5E-7519-49A4-9C82-567BA3FD7ADD}.Debug|ARM.Build.0 = Debug|Any CPU
		{AF927F5E-7519-49A4-9C82-567BA3FD7ADD}.Debug|ARM64.ActiveCfg = Debug|Any CPU
		{AF927F5E-7519-49A4-9C82-567BA3FD7ADD}.Debug|ARM64.Build.0 = Debug|Any CPU
		{AF927F5E-7519-49A4-9C82-567BA3FD7ADD}.Debug|x64.ActiveCfg = Debug|Any CPU
		{AF927F5E-7519-49A4-9C82-567BA3FD7ADD}.Debug|x64.Build.0 = Debug|Any CPU
		{AF927F5E-7519-49A4-9C82-567BA3FD7ADD}.Debug|x86.ActiveCfg = Debug|Any CPU
		{AF927F5E-7519-49A4-9C82-567BA3FD7ADD}.Debug|x86.Build.0 = Debug|Any CPU
		{AF927F5E-7519-49A4-9C82-567BA3FD7ADD}.Release|Any CPU.ActiveCfg = Release|Any CPU
		{AF927F5E-7519-49A4-9C82-567BA3FD7ADD}.Release|Any CPU.Build.0 = Release|Any CPU
		{AF927F5E-7519-49A4-9C82-567BA3FD7ADD}.Release|ARM.ActiveCfg = Release|Any CPU
		{AF927F5E-7519-49A4-9C82-567BA3FD7ADD}.Release|ARM.Build.0 = Release|Any CPU
		{AF927F5E-7519-49A4-9C82-567BA3FD7ADD}.Release|ARM64.ActiveCfg = Release|Any CPU
		{AF927F5E-7519-49A4-9C82-567BA3FD7ADD}.Release|ARM64.Build.0 = Release|Any CPU
		{AF927F5E-7519-49A4-9C82-567BA3FD7ADD}.Release|x64.ActiveCfg = Release|Any CPU
		{AF927F5E-7519-49A4-9C82-567BA3FD7ADD}.Release|x64.Build.0 = Release|Any CPU
		{AF927F5E-7519-49A4-9C82-567BA3FD7ADD}.Release|x86.ActiveCfg = Release|Any CPU
		{AF927F5E-7519-49A4-9C82-567BA3FD7ADD}.Release|x86.Build.0 = Release|Any CPU
		{EBC52D19-86DD-4CB6-8DB2-5AA9DA4E226E}.Debug|Any CPU.ActiveCfg = Debug|Any CPU
		{EBC52D19-86DD-4CB6-8DB2-5AA9DA4E226E}.Debug|Any CPU.Build.0 = Debug|Any CPU
		{EBC52D19-86DD-4CB6-8DB2-5AA9DA4E226E}.Debug|ARM.ActiveCfg = Debug|Any CPU
		{EBC52D19-86DD-4CB6-8DB2-5AA9DA4E226E}.Debug|ARM.Build.0 = Debug|Any CPU
		{EBC52D19-86DD-4CB6-8DB2-5AA9DA4E226E}.Debug|ARM64.ActiveCfg = Debug|Any CPU
		{EBC52D19-86DD-4CB6-8DB2-5AA9DA4E226E}.Debug|ARM64.Build.0 = Debug|Any CPU
		{EBC52D19-86DD-4CB6-8DB2-5AA9DA4E226E}.Debug|x64.ActiveCfg = Debug|Any CPU
		{EBC52D19-86DD-4CB6-8DB2-5AA9DA4E226E}.Debug|x64.Build.0 = Debug|Any CPU
		{EBC52D19-86DD-4CB6-8DB2-5AA9DA4E226E}.Debug|x86.ActiveCfg = Debug|Any CPU
		{EBC52D19-86DD-4CB6-8DB2-5AA9DA4E226E}.Debug|x86.Build.0 = Debug|Any CPU
		{EBC52D19-86DD-4CB6-8DB2-5AA9DA4E226E}.Release|Any CPU.ActiveCfg = Release|Any CPU
		{EBC52D19-86DD-4CB6-8DB2-5AA9DA4E226E}.Release|Any CPU.Build.0 = Release|Any CPU
		{EBC52D19-86DD-4CB6-8DB2-5AA9DA4E226E}.Release|ARM.ActiveCfg = Release|Any CPU
		{EBC52D19-86DD-4CB6-8DB2-5AA9DA4E226E}.Release|ARM.Build.0 = Release|Any CPU
		{EBC52D19-86DD-4CB6-8DB2-5AA9DA4E226E}.Release|ARM64.ActiveCfg = Release|Any CPU
		{EBC52D19-86DD-4CB6-8DB2-5AA9DA4E226E}.Release|ARM64.Build.0 = Release|Any CPU
		{EBC52D19-86DD-4CB6-8DB2-5AA9DA4E226E}.Release|x64.ActiveCfg = Release|Any CPU
		{EBC52D19-86DD-4CB6-8DB2-5AA9DA4E226E}.Release|x64.Build.0 = Release|Any CPU
		{EBC52D19-86DD-4CB6-8DB2-5AA9DA4E226E}.Release|x86.ActiveCfg = Release|Any CPU
		{EBC52D19-86DD-4CB6-8DB2-5AA9DA4E226E}.Release|x86.Build.0 = Release|Any CPU
		{B9A5D32C-32A7-4061-91FD-D84AA75F611D}.Debug|Any CPU.ActiveCfg = Debug|Any CPU
		{B9A5D32C-32A7-4061-91FD-D84AA75F611D}.Debug|Any CPU.Build.0 = Debug|Any CPU
		{B9A5D32C-32A7-4061-91FD-D84AA75F611D}.Debug|ARM.ActiveCfg = Debug|Any CPU
		{B9A5D32C-32A7-4061-91FD-D84AA75F611D}.Debug|ARM.Build.0 = Debug|Any CPU
		{B9A5D32C-32A7-4061-91FD-D84AA75F611D}.Debug|ARM64.ActiveCfg = Debug|Any CPU
		{B9A5D32C-32A7-4061-91FD-D84AA75F611D}.Debug|ARM64.Build.0 = Debug|Any CPU
		{B9A5D32C-32A7-4061-91FD-D84AA75F611D}.Debug|x64.ActiveCfg = Debug|Any CPU
		{B9A5D32C-32A7-4061-91FD-D84AA75F611D}.Debug|x64.Build.0 = Debug|Any CPU
		{B9A5D32C-32A7-4061-91FD-D84AA75F611D}.Debug|x86.ActiveCfg = Debug|Any CPU
		{B9A5D32C-32A7-4061-91FD-D84AA75F611D}.Debug|x86.Build.0 = Debug|Any CPU
		{B9A5D32C-32A7-4061-91FD-D84AA75F611D}.Release|Any CPU.ActiveCfg = Release|Any CPU
		{B9A5D32C-32A7-4061-91FD-D84AA75F611D}.Release|Any CPU.Build.0 = Release|Any CPU
		{B9A5D32C-32A7-4061-91FD-D84AA75F611D}.Release|ARM.ActiveCfg = Release|Any CPU
		{B9A5D32C-32A7-4061-91FD-D84AA75F611D}.Release|ARM.Build.0 = Release|Any CPU
		{B9A5D32C-32A7-4061-91FD-D84AA75F611D}.Release|ARM64.ActiveCfg = Release|Any CPU
		{B9A5D32C-32A7-4061-91FD-D84AA75F611D}.Release|ARM64.Build.0 = Release|Any CPU
		{B9A5D32C-32A7-4061-91FD-D84AA75F611D}.Release|x64.ActiveCfg = Release|Any CPU
		{B9A5D32C-32A7-4061-91FD-D84AA75F611D}.Release|x64.Build.0 = Release|Any CPU
		{B9A5D32C-32A7-4061-91FD-D84AA75F611D}.Release|x86.ActiveCfg = Release|Any CPU
		{B9A5D32C-32A7-4061-91FD-D84AA75F611D}.Release|x86.Build.0 = Release|Any CPU
		{F86417EA-FF49-4E46-B874-4DDB645DB57A}.Debug|Any CPU.ActiveCfg = Debug|Any CPU
		{F86417EA-FF49-4E46-B874-4DDB645DB57A}.Debug|Any CPU.Build.0 = Debug|Any CPU
		{F86417EA-FF49-4E46-B874-4DDB645DB57A}.Debug|ARM.ActiveCfg = Debug|Any CPU
		{F86417EA-FF49-4E46-B874-4DDB645DB57A}.Debug|ARM.Build.0 = Debug|Any CPU
		{F86417EA-FF49-4E46-B874-4DDB645DB57A}.Debug|ARM64.ActiveCfg = Debug|Any CPU
		{F86417EA-FF49-4E46-B874-4DDB645DB57A}.Debug|ARM64.Build.0 = Debug|Any CPU
		{F86417EA-FF49-4E46-B874-4DDB645DB57A}.Debug|x64.ActiveCfg = Debug|Any CPU
		{F86417EA-FF49-4E46-B874-4DDB645DB57A}.Debug|x64.Build.0 = Debug|Any CPU
		{F86417EA-FF49-4E46-B874-4DDB645DB57A}.Debug|x86.ActiveCfg = Debug|Any CPU
		{F86417EA-FF49-4E46-B874-4DDB645DB57A}.Debug|x86.Build.0 = Debug|Any CPU
		{F86417EA-FF49-4E46-B874-4DDB645DB57A}.Release|Any CPU.ActiveCfg = Release|Any CPU
		{F86417EA-FF49-4E46-B874-4DDB645DB57A}.Release|Any CPU.Build.0 = Release|Any CPU
		{F86417EA-FF49-4E46-B874-4DDB645DB57A}.Release|ARM.ActiveCfg = Release|Any CPU
		{F86417EA-FF49-4E46-B874-4DDB645DB57A}.Release|ARM.Build.0 = Release|Any CPU
		{F86417EA-FF49-4E46-B874-4DDB645DB57A}.Release|ARM64.ActiveCfg = Release|Any CPU
		{F86417EA-FF49-4E46-B874-4DDB645DB57A}.Release|ARM64.Build.0 = Release|Any CPU
		{F86417EA-FF49-4E46-B874-4DDB645DB57A}.Release|x64.ActiveCfg = Release|Any CPU
		{F86417EA-FF49-4E46-B874-4DDB645DB57A}.Release|x64.Build.0 = Release|Any CPU
		{F86417EA-FF49-4E46-B874-4DDB645DB57A}.Release|x86.ActiveCfg = Release|Any CPU
		{F86417EA-FF49-4E46-B874-4DDB645DB57A}.Release|x86.Build.0 = Release|Any CPU
		{4EB0CF53-5D30-43A9-B71F-1766873550C7}.Debug|Any CPU.ActiveCfg = Debug|Any CPU
		{4EB0CF53-5D30-43A9-B71F-1766873550C7}.Debug|Any CPU.Build.0 = Debug|Any CPU
		{4EB0CF53-5D30-43A9-B71F-1766873550C7}.Debug|ARM.ActiveCfg = Debug|Any CPU
		{4EB0CF53-5D30-43A9-B71F-1766873550C7}.Debug|ARM.Build.0 = Debug|Any CPU
		{4EB0CF53-5D30-43A9-B71F-1766873550C7}.Debug|ARM64.ActiveCfg = Debug|Any CPU
		{4EB0CF53-5D30-43A9-B71F-1766873550C7}.Debug|ARM64.Build.0 = Debug|Any CPU
		{4EB0CF53-5D30-43A9-B71F-1766873550C7}.Debug|x64.ActiveCfg = Debug|Any CPU
		{4EB0CF53-5D30-43A9-B71F-1766873550C7}.Debug|x64.Build.0 = Debug|Any CPU
		{4EB0CF53-5D30-43A9-B71F-1766873550C7}.Debug|x86.ActiveCfg = Debug|Any CPU
		{4EB0CF53-5D30-43A9-B71F-1766873550C7}.Debug|x86.Build.0 = Debug|Any CPU
		{4EB0CF53-5D30-43A9-B71F-1766873550C7}.Release|Any CPU.ActiveCfg = Release|Any CPU
		{4EB0CF53-5D30-43A9-B71F-1766873550C7}.Release|Any CPU.Build.0 = Release|Any CPU
		{4EB0CF53-5D30-43A9-B71F-1766873550C7}.Release|ARM.ActiveCfg = Release|Any CPU
		{4EB0CF53-5D30-43A9-B71F-1766873550C7}.Release|ARM.Build.0 = Release|Any CPU
		{4EB0CF53-5D30-43A9-B71F-1766873550C7}.Release|ARM64.ActiveCfg = Release|Any CPU
		{4EB0CF53-5D30-43A9-B71F-1766873550C7}.Release|ARM64.Build.0 = Release|Any CPU
		{4EB0CF53-5D30-43A9-B71F-1766873550C7}.Release|x64.ActiveCfg = Release|Any CPU
		{4EB0CF53-5D30-43A9-B71F-1766873550C7}.Release|x64.Build.0 = Release|Any CPU
		{4EB0CF53-5D30-43A9-B71F-1766873550C7}.Release|x86.ActiveCfg = Release|Any CPU
		{4EB0CF53-5D30-43A9-B71F-1766873550C7}.Release|x86.Build.0 = Release|Any CPU
		{FCDDF1FB-A32E-4DBF-B432-4A3D7008C3C6}.Debug|Any CPU.ActiveCfg = Debug|Any CPU
		{FCDDF1FB-A32E-4DBF-B432-4A3D7008C3C6}.Debug|Any CPU.Build.0 = Debug|Any CPU
		{FCDDF1FB-A32E-4DBF-B432-4A3D7008C3C6}.Debug|ARM.ActiveCfg = Debug|Any CPU
		{FCDDF1FB-A32E-4DBF-B432-4A3D7008C3C6}.Debug|ARM.Build.0 = Debug|Any CPU
		{FCDDF1FB-A32E-4DBF-B432-4A3D7008C3C6}.Debug|ARM64.ActiveCfg = Debug|Any CPU
		{FCDDF1FB-A32E-4DBF-B432-4A3D7008C3C6}.Debug|ARM64.Build.0 = Debug|Any CPU
		{FCDDF1FB-A32E-4DBF-B432-4A3D7008C3C6}.Debug|x64.ActiveCfg = Debug|Any CPU
		{FCDDF1FB-A32E-4DBF-B432-4A3D7008C3C6}.Debug|x64.Build.0 = Debug|Any CPU
		{FCDDF1FB-A32E-4DBF-B432-4A3D7008C3C6}.Debug|x86.ActiveCfg = Debug|Any CPU
		{FCDDF1FB-A32E-4DBF-B432-4A3D7008C3C6}.Debug|x86.Build.0 = Debug|Any CPU
		{FCDDF1FB-A32E-4DBF-B432-4A3D7008C3C6}.Release|Any CPU.ActiveCfg = Release|Any CPU
		{FCDDF1FB-A32E-4DBF-B432-4A3D7008C3C6}.Release|Any CPU.Build.0 = Release|Any CPU
		{FCDDF1FB-A32E-4DBF-B432-4A3D7008C3C6}.Release|ARM.ActiveCfg = Release|Any CPU
		{FCDDF1FB-A32E-4DBF-B432-4A3D7008C3C6}.Release|ARM.Build.0 = Release|Any CPU
		{FCDDF1FB-A32E-4DBF-B432-4A3D7008C3C6}.Release|ARM64.ActiveCfg = Release|Any CPU
		{FCDDF1FB-A32E-4DBF-B432-4A3D7008C3C6}.Release|ARM64.Build.0 = Release|Any CPU
		{FCDDF1FB-A32E-4DBF-B432-4A3D7008C3C6}.Release|x64.ActiveCfg = Release|Any CPU
		{FCDDF1FB-A32E-4DBF-B432-4A3D7008C3C6}.Release|x64.Build.0 = Release|Any CPU
		{FCDDF1FB-A32E-4DBF-B432-4A3D7008C3C6}.Release|x86.ActiveCfg = Release|Any CPU
		{FCDDF1FB-A32E-4DBF-B432-4A3D7008C3C6}.Release|x86.Build.0 = Release|Any CPU
		{F6F3D271-C9D3-4B9E-8E53-9F094601FF61}.Debug|Any CPU.ActiveCfg = Debug|Any CPU
		{F6F3D271-C9D3-4B9E-8E53-9F094601FF61}.Debug|Any CPU.Build.0 = Debug|Any CPU
		{F6F3D271-C9D3-4B9E-8E53-9F094601FF61}.Debug|ARM.ActiveCfg = Debug|Any CPU
		{F6F3D271-C9D3-4B9E-8E53-9F094601FF61}.Debug|ARM.Build.0 = Debug|Any CPU
		{F6F3D271-C9D3-4B9E-8E53-9F094601FF61}.Debug|ARM64.ActiveCfg = Debug|Any CPU
		{F6F3D271-C9D3-4B9E-8E53-9F094601FF61}.Debug|ARM64.Build.0 = Debug|Any CPU
		{F6F3D271-C9D3-4B9E-8E53-9F094601FF61}.Debug|x64.ActiveCfg = Debug|Any CPU
		{F6F3D271-C9D3-4B9E-8E53-9F094601FF61}.Debug|x64.Build.0 = Debug|Any CPU
		{F6F3D271-C9D3-4B9E-8E53-9F094601FF61}.Debug|x86.ActiveCfg = Debug|Any CPU
		{F6F3D271-C9D3-4B9E-8E53-9F094601FF61}.Debug|x86.Build.0 = Debug|Any CPU
		{F6F3D271-C9D3-4B9E-8E53-9F094601FF61}.Release|Any CPU.ActiveCfg = Release|Any CPU
		{F6F3D271-C9D3-4B9E-8E53-9F094601FF61}.Release|Any CPU.Build.0 = Release|Any CPU
		{F6F3D271-C9D3-4B9E-8E53-9F094601FF61}.Release|ARM.ActiveCfg = Release|Any CPU
		{F6F3D271-C9D3-4B9E-8E53-9F094601FF61}.Release|ARM.Build.0 = Release|Any CPU
		{F6F3D271-C9D3-4B9E-8E53-9F094601FF61}.Release|ARM64.ActiveCfg = Release|Any CPU
		{F6F3D271-C9D3-4B9E-8E53-9F094601FF61}.Release|ARM64.Build.0 = Release|Any CPU
		{F6F3D271-C9D3-4B9E-8E53-9F094601FF61}.Release|x64.ActiveCfg = Release|Any CPU
		{F6F3D271-C9D3-4B9E-8E53-9F094601FF61}.Release|x64.Build.0 = Release|Any CPU
		{F6F3D271-C9D3-4B9E-8E53-9F094601FF61}.Release|x86.ActiveCfg = Release|Any CPU
		{F6F3D271-C9D3-4B9E-8E53-9F094601FF61}.Release|x86.Build.0 = Release|Any CPU
		{BF252615-A5B5-4C16-B048-D7D19EF0DF10}.Debug|Any CPU.ActiveCfg = Debug|Any CPU
		{BF252615-A5B5-4C16-B048-D7D19EF0DF10}.Debug|Any CPU.Build.0 = Debug|Any CPU
		{BF252615-A5B5-4C16-B048-D7D19EF0DF10}.Debug|ARM.ActiveCfg = Debug|Any CPU
		{BF252615-A5B5-4C16-B048-D7D19EF0DF10}.Debug|ARM.Build.0 = Debug|Any CPU
		{BF252615-A5B5-4C16-B048-D7D19EF0DF10}.Debug|ARM64.ActiveCfg = Debug|Any CPU
		{BF252615-A5B5-4C16-B048-D7D19EF0DF10}.Debug|ARM64.Build.0 = Debug|Any CPU
		{BF252615-A5B5-4C16-B048-D7D19EF0DF10}.Debug|x64.ActiveCfg = Debug|Any CPU
		{BF252615-A5B5-4C16-B048-D7D19EF0DF10}.Debug|x64.Build.0 = Debug|Any CPU
		{BF252615-A5B5-4C16-B048-D7D19EF0DF10}.Debug|x86.ActiveCfg = Debug|Any CPU
		{BF252615-A5B5-4C16-B048-D7D19EF0DF10}.Debug|x86.Build.0 = Debug|Any CPU
		{BF252615-A5B5-4C16-B048-D7D19EF0DF10}.Release|Any CPU.ActiveCfg = Release|Any CPU
		{BF252615-A5B5-4C16-B048-D7D19EF0DF10}.Release|Any CPU.Build.0 = Release|Any CPU
		{BF252615-A5B5-4C16-B048-D7D19EF0DF10}.Release|ARM.ActiveCfg = Release|Any CPU
		{BF252615-A5B5-4C16-B048-D7D19EF0DF10}.Release|ARM.Build.0 = Release|Any CPU
		{BF252615-A5B5-4C16-B048-D7D19EF0DF10}.Release|ARM64.ActiveCfg = Release|Any CPU
		{BF252615-A5B5-4C16-B048-D7D19EF0DF10}.Release|ARM64.Build.0 = Release|Any CPU
		{BF252615-A5B5-4C16-B048-D7D19EF0DF10}.Release|x64.ActiveCfg = Release|Any CPU
		{BF252615-A5B5-4C16-B048-D7D19EF0DF10}.Release|x64.Build.0 = Release|Any CPU
		{BF252615-A5B5-4C16-B048-D7D19EF0DF10}.Release|x86.ActiveCfg = Release|Any CPU
		{BF252615-A5B5-4C16-B048-D7D19EF0DF10}.Release|x86.Build.0 = Release|Any CPU
		{8A645886-624F-4F08-A849-02EB92DAD42F}.Debug|Any CPU.ActiveCfg = Debug|Any CPU
		{8A645886-624F-4F08-A849-02EB92DAD42F}.Debug|Any CPU.Build.0 = Debug|Any CPU
		{8A645886-624F-4F08-A849-02EB92DAD42F}.Debug|ARM.ActiveCfg = Debug|Any CPU
		{8A645886-624F-4F08-A849-02EB92DAD42F}.Debug|ARM.Build.0 = Debug|Any CPU
		{8A645886-624F-4F08-A849-02EB92DAD42F}.Debug|ARM64.ActiveCfg = Debug|Any CPU
		{8A645886-624F-4F08-A849-02EB92DAD42F}.Debug|ARM64.Build.0 = Debug|Any CPU
		{8A645886-624F-4F08-A849-02EB92DAD42F}.Debug|x64.ActiveCfg = Debug|Any CPU
		{8A645886-624F-4F08-A849-02EB92DAD42F}.Debug|x64.Build.0 = Debug|Any CPU
		{8A645886-624F-4F08-A849-02EB92DAD42F}.Debug|x86.ActiveCfg = Debug|Any CPU
		{8A645886-624F-4F08-A849-02EB92DAD42F}.Debug|x86.Build.0 = Debug|Any CPU
		{8A645886-624F-4F08-A849-02EB92DAD42F}.Release|Any CPU.ActiveCfg = Release|Any CPU
		{8A645886-624F-4F08-A849-02EB92DAD42F}.Release|Any CPU.Build.0 = Release|Any CPU
		{8A645886-624F-4F08-A849-02EB92DAD42F}.Release|ARM.ActiveCfg = Release|Any CPU
		{8A645886-624F-4F08-A849-02EB92DAD42F}.Release|ARM.Build.0 = Release|Any CPU
		{8A645886-624F-4F08-A849-02EB92DAD42F}.Release|ARM64.ActiveCfg = Release|Any CPU
		{8A645886-624F-4F08-A849-02EB92DAD42F}.Release|ARM64.Build.0 = Release|Any CPU
		{8A645886-624F-4F08-A849-02EB92DAD42F}.Release|x64.ActiveCfg = Release|Any CPU
		{8A645886-624F-4F08-A849-02EB92DAD42F}.Release|x64.Build.0 = Release|Any CPU
		{8A645886-624F-4F08-A849-02EB92DAD42F}.Release|x86.ActiveCfg = Release|Any CPU
		{8A645886-624F-4F08-A849-02EB92DAD42F}.Release|x86.Build.0 = Release|Any CPU
		{2F666D58-AC9F-4011-B3C2-9DBCD0C92456}.Debug|Any CPU.ActiveCfg = Debug|Any CPU
		{2F666D58-AC9F-4011-B3C2-9DBCD0C92456}.Debug|Any CPU.Build.0 = Debug|Any CPU
		{2F666D58-AC9F-4011-B3C2-9DBCD0C92456}.Debug|ARM.ActiveCfg = Debug|Any CPU
		{2F666D58-AC9F-4011-B3C2-9DBCD0C92456}.Debug|ARM.Build.0 = Debug|Any CPU
		{2F666D58-AC9F-4011-B3C2-9DBCD0C92456}.Debug|ARM64.ActiveCfg = Debug|Any CPU
		{2F666D58-AC9F-4011-B3C2-9DBCD0C92456}.Debug|ARM64.Build.0 = Debug|Any CPU
		{2F666D58-AC9F-4011-B3C2-9DBCD0C92456}.Debug|x64.ActiveCfg = Debug|Any CPU
		{2F666D58-AC9F-4011-B3C2-9DBCD0C92456}.Debug|x64.Build.0 = Debug|Any CPU
		{2F666D58-AC9F-4011-B3C2-9DBCD0C92456}.Debug|x86.ActiveCfg = Debug|Any CPU
		{2F666D58-AC9F-4011-B3C2-9DBCD0C92456}.Debug|x86.Build.0 = Debug|Any CPU
		{2F666D58-AC9F-4011-B3C2-9DBCD0C92456}.Release|Any CPU.ActiveCfg = Release|Any CPU
		{2F666D58-AC9F-4011-B3C2-9DBCD0C92456}.Release|Any CPU.Build.0 = Release|Any CPU
		{2F666D58-AC9F-4011-B3C2-9DBCD0C92456}.Release|ARM.ActiveCfg = Release|Any CPU
		{2F666D58-AC9F-4011-B3C2-9DBCD0C92456}.Release|ARM.Build.0 = Release|Any CPU
		{2F666D58-AC9F-4011-B3C2-9DBCD0C92456}.Release|ARM64.ActiveCfg = Release|Any CPU
		{2F666D58-AC9F-4011-B3C2-9DBCD0C92456}.Release|ARM64.Build.0 = Release|Any CPU
		{2F666D58-AC9F-4011-B3C2-9DBCD0C92456}.Release|x64.ActiveCfg = Release|Any CPU
		{2F666D58-AC9F-4011-B3C2-9DBCD0C92456}.Release|x64.Build.0 = Release|Any CPU
		{2F666D58-AC9F-4011-B3C2-9DBCD0C92456}.Release|x86.ActiveCfg = Release|Any CPU
		{2F666D58-AC9F-4011-B3C2-9DBCD0C92456}.Release|x86.Build.0 = Release|Any CPU
		{8D0AC741-259D-457D-9771-1257C1CE1694}.Debug|Any CPU.ActiveCfg = Debug|Win32
		{8D0AC741-259D-457D-9771-1257C1CE1694}.Debug|ARM.ActiveCfg = Debug|Win32
		{8D0AC741-259D-457D-9771-1257C1CE1694}.Debug|ARM64.ActiveCfg = Debug|Win32
		{8D0AC741-259D-457D-9771-1257C1CE1694}.Debug|x64.ActiveCfg = Debug|x64
		{8D0AC741-259D-457D-9771-1257C1CE1694}.Debug|x64.Build.0 = Debug|x64
		{8D0AC741-259D-457D-9771-1257C1CE1694}.Debug|x86.ActiveCfg = Debug|Win32
		{8D0AC741-259D-457D-9771-1257C1CE1694}.Debug|x86.Build.0 = Debug|Win32
		{8D0AC741-259D-457D-9771-1257C1CE1694}.Release|Any CPU.ActiveCfg = Release|Win32
		{8D0AC741-259D-457D-9771-1257C1CE1694}.Release|ARM.ActiveCfg = Release|Win32
		{8D0AC741-259D-457D-9771-1257C1CE1694}.Release|ARM64.ActiveCfg = Release|Win32
		{8D0AC741-259D-457D-9771-1257C1CE1694}.Release|x64.ActiveCfg = Release|x64
		{8D0AC741-259D-457D-9771-1257C1CE1694}.Release|x64.Build.0 = Release|x64
		{8D0AC741-259D-457D-9771-1257C1CE1694}.Release|x86.ActiveCfg = Release|Win32
		{8D0AC741-259D-457D-9771-1257C1CE1694}.Release|x86.Build.0 = Release|Win32
		{9520E4B1-BA39-479E-88D9-DB757A573633}.Debug|Any CPU.ActiveCfg = Debug|Win32
		{9520E4B1-BA39-479E-88D9-DB757A573633}.Debug|ARM.ActiveCfg = Debug|Win32
		{9520E4B1-BA39-479E-88D9-DB757A573633}.Debug|ARM64.ActiveCfg = Debug|Win32
		{9520E4B1-BA39-479E-88D9-DB757A573633}.Debug|x64.ActiveCfg = Debug|x64
		{9520E4B1-BA39-479E-88D9-DB757A573633}.Debug|x64.Build.0 = Debug|x64
		{9520E4B1-BA39-479E-88D9-DB757A573633}.Debug|x86.ActiveCfg = Debug|Win32
		{9520E4B1-BA39-479E-88D9-DB757A573633}.Debug|x86.Build.0 = Debug|Win32
		{9520E4B1-BA39-479E-88D9-DB757A573633}.Release|Any CPU.ActiveCfg = Release|Win32
		{9520E4B1-BA39-479E-88D9-DB757A573633}.Release|ARM.ActiveCfg = Release|Win32
		{9520E4B1-BA39-479E-88D9-DB757A573633}.Release|ARM64.ActiveCfg = Release|Win32
		{9520E4B1-BA39-479E-88D9-DB757A573633}.Release|x64.ActiveCfg = Release|x64
		{9520E4B1-BA39-479E-88D9-DB757A573633}.Release|x64.Build.0 = Release|x64
		{9520E4B1-BA39-479E-88D9-DB757A573633}.Release|x86.ActiveCfg = Release|Win32
		{9520E4B1-BA39-479E-88D9-DB757A573633}.Release|x86.Build.0 = Release|Win32
		{761F938D-4DE0-4368-84DC-C57684A0F575}.Debug|Any CPU.ActiveCfg = Debug|Any CPU
		{761F938D-4DE0-4368-84DC-C57684A0F575}.Debug|Any CPU.Build.0 = Debug|Any CPU
		{761F938D-4DE0-4368-84DC-C57684A0F575}.Debug|ARM.ActiveCfg = Debug|Any CPU
		{761F938D-4DE0-4368-84DC-C57684A0F575}.Debug|ARM.Build.0 = Debug|Any CPU
		{761F938D-4DE0-4368-84DC-C57684A0F575}.Debug|ARM64.ActiveCfg = Debug|Any CPU
		{761F938D-4DE0-4368-84DC-C57684A0F575}.Debug|ARM64.Build.0 = Debug|Any CPU
		{761F938D-4DE0-4368-84DC-C57684A0F575}.Debug|x64.ActiveCfg = Debug|Any CPU
		{761F938D-4DE0-4368-84DC-C57684A0F575}.Debug|x64.Build.0 = Debug|Any CPU
		{761F938D-4DE0-4368-84DC-C57684A0F575}.Debug|x86.ActiveCfg = Debug|Any CPU
		{761F938D-4DE0-4368-84DC-C57684A0F575}.Debug|x86.Build.0 = Debug|Any CPU
		{761F938D-4DE0-4368-84DC-C57684A0F575}.Release|Any CPU.ActiveCfg = Release|Any CPU
		{761F938D-4DE0-4368-84DC-C57684A0F575}.Release|Any CPU.Build.0 = Release|Any CPU
		{761F938D-4DE0-4368-84DC-C57684A0F575}.Release|ARM.ActiveCfg = Release|Any CPU
		{761F938D-4DE0-4368-84DC-C57684A0F575}.Release|ARM.Build.0 = Release|Any CPU
		{761F938D-4DE0-4368-84DC-C57684A0F575}.Release|ARM64.ActiveCfg = Release|Any CPU
		{761F938D-4DE0-4368-84DC-C57684A0F575}.Release|ARM64.Build.0 = Release|Any CPU
		{761F938D-4DE0-4368-84DC-C57684A0F575}.Release|x64.ActiveCfg = Release|Any CPU
		{761F938D-4DE0-4368-84DC-C57684A0F575}.Release|x64.Build.0 = Release|Any CPU
		{761F938D-4DE0-4368-84DC-C57684A0F575}.Release|x86.ActiveCfg = Release|Any CPU
		{761F938D-4DE0-4368-84DC-C57684A0F575}.Release|x86.Build.0 = Release|Any CPU
		{3998D435-3E61-4F48-8B4E-0A353C86DE9F}.Debug|Any CPU.ActiveCfg = Debug|Any CPU
		{3998D435-3E61-4F48-8B4E-0A353C86DE9F}.Debug|Any CPU.Build.0 = Debug|Any CPU
		{3998D435-3E61-4F48-8B4E-0A353C86DE9F}.Debug|ARM.ActiveCfg = Debug|Any CPU
		{3998D435-3E61-4F48-8B4E-0A353C86DE9F}.Debug|ARM.Build.0 = Debug|Any CPU
		{3998D435-3E61-4F48-8B4E-0A353C86DE9F}.Debug|ARM64.ActiveCfg = Debug|Any CPU
		{3998D435-3E61-4F48-8B4E-0A353C86DE9F}.Debug|ARM64.Build.0 = Debug|Any CPU
		{3998D435-3E61-4F48-8B4E-0A353C86DE9F}.Debug|x64.ActiveCfg = Debug|Any CPU
		{3998D435-3E61-4F48-8B4E-0A353C86DE9F}.Debug|x64.Build.0 = Debug|Any CPU
		{3998D435-3E61-4F48-8B4E-0A353C86DE9F}.Debug|x86.ActiveCfg = Debug|Any CPU
		{3998D435-3E61-4F48-8B4E-0A353C86DE9F}.Debug|x86.Build.0 = Debug|Any CPU
		{3998D435-3E61-4F48-8B4E-0A353C86DE9F}.Release|Any CPU.ActiveCfg = Release|Any CPU
		{3998D435-3E61-4F48-8B4E-0A353C86DE9F}.Release|Any CPU.Build.0 = Release|Any CPU
		{3998D435-3E61-4F48-8B4E-0A353C86DE9F}.Release|ARM.ActiveCfg = Release|Any CPU
		{3998D435-3E61-4F48-8B4E-0A353C86DE9F}.Release|ARM.Build.0 = Release|Any CPU
		{3998D435-3E61-4F48-8B4E-0A353C86DE9F}.Release|ARM64.ActiveCfg = Release|Any CPU
		{3998D435-3E61-4F48-8B4E-0A353C86DE9F}.Release|ARM64.Build.0 = Release|Any CPU
		{3998D435-3E61-4F48-8B4E-0A353C86DE9F}.Release|x64.ActiveCfg = Release|Any CPU
		{3998D435-3E61-4F48-8B4E-0A353C86DE9F}.Release|x64.Build.0 = Release|Any CPU
		{3998D435-3E61-4F48-8B4E-0A353C86DE9F}.Release|x86.ActiveCfg = Release|Any CPU
		{3998D435-3E61-4F48-8B4E-0A353C86DE9F}.Release|x86.Build.0 = Release|Any CPU
		{D03D8684-2117-4D05-A3EE-A0B61A6CBAC6}.Debug|Any CPU.ActiveCfg = Debug|Win32
		{D03D8684-2117-4D05-A3EE-A0B61A6CBAC6}.Debug|ARM.ActiveCfg = Debug|Win32
		{D03D8684-2117-4D05-A3EE-A0B61A6CBAC6}.Debug|ARM64.ActiveCfg = Debug|Win32
		{D03D8684-2117-4D05-A3EE-A0B61A6CBAC6}.Debug|x64.ActiveCfg = Debug|x64
		{D03D8684-2117-4D05-A3EE-A0B61A6CBAC6}.Debug|x64.Build.0 = Debug|x64
		{D03D8684-2117-4D05-A3EE-A0B61A6CBAC6}.Debug|x86.ActiveCfg = Debug|Win32
		{D03D8684-2117-4D05-A3EE-A0B61A6CBAC6}.Debug|x86.Build.0 = Debug|Win32
		{D03D8684-2117-4D05-A3EE-A0B61A6CBAC6}.Release|Any CPU.ActiveCfg = Release|Win32
		{D03D8684-2117-4D05-A3EE-A0B61A6CBAC6}.Release|ARM.ActiveCfg = Release|Win32
		{D03D8684-2117-4D05-A3EE-A0B61A6CBAC6}.Release|ARM64.ActiveCfg = Release|Win32
		{D03D8684-2117-4D05-A3EE-A0B61A6CBAC6}.Release|x64.ActiveCfg = Release|x64
		{D03D8684-2117-4D05-A3EE-A0B61A6CBAC6}.Release|x64.Build.0 = Release|x64
		{D03D8684-2117-4D05-A3EE-A0B61A6CBAC6}.Release|x86.ActiveCfg = Release|Win32
		{D03D8684-2117-4D05-A3EE-A0B61A6CBAC6}.Release|x86.Build.0 = Release|Win32
		{88ABCF8B-4651-4657-8FD8-FE899A92D227}.Debug|Any CPU.ActiveCfg = Debug|Any CPU
		{88ABCF8B-4651-4657-8FD8-FE899A92D227}.Debug|Any CPU.Build.0 = Debug|Any CPU
		{88ABCF8B-4651-4657-8FD8-FE899A92D227}.Debug|ARM.ActiveCfg = Debug|Any CPU
		{88ABCF8B-4651-4657-8FD8-FE899A92D227}.Debug|ARM.Build.0 = Debug|Any CPU
		{88ABCF8B-4651-4657-8FD8-FE899A92D227}.Debug|ARM64.ActiveCfg = Debug|Any CPU
		{88ABCF8B-4651-4657-8FD8-FE899A92D227}.Debug|ARM64.Build.0 = Debug|Any CPU
		{88ABCF8B-4651-4657-8FD8-FE899A92D227}.Debug|x64.ActiveCfg = Debug|Any CPU
		{88ABCF8B-4651-4657-8FD8-FE899A92D227}.Debug|x64.Build.0 = Debug|Any CPU
		{88ABCF8B-4651-4657-8FD8-FE899A92D227}.Debug|x86.ActiveCfg = Debug|Any CPU
		{88ABCF8B-4651-4657-8FD8-FE899A92D227}.Debug|x86.Build.0 = Debug|Any CPU
		{88ABCF8B-4651-4657-8FD8-FE899A92D227}.Release|Any CPU.ActiveCfg = Release|Any CPU
		{88ABCF8B-4651-4657-8FD8-FE899A92D227}.Release|Any CPU.Build.0 = Release|Any CPU
		{88ABCF8B-4651-4657-8FD8-FE899A92D227}.Release|ARM.ActiveCfg = Release|Any CPU
		{88ABCF8B-4651-4657-8FD8-FE899A92D227}.Release|ARM.Build.0 = Release|Any CPU
		{88ABCF8B-4651-4657-8FD8-FE899A92D227}.Release|ARM64.ActiveCfg = Release|Any CPU
		{88ABCF8B-4651-4657-8FD8-FE899A92D227}.Release|ARM64.Build.0 = Release|Any CPU
		{88ABCF8B-4651-4657-8FD8-FE899A92D227}.Release|x64.ActiveCfg = Release|Any CPU
		{88ABCF8B-4651-4657-8FD8-FE899A92D227}.Release|x64.Build.0 = Release|Any CPU
		{88ABCF8B-4651-4657-8FD8-FE899A92D227}.Release|x86.ActiveCfg = Release|Any CPU
		{88ABCF8B-4651-4657-8FD8-FE899A92D227}.Release|x86.Build.0 = Release|Any CPU
		{068E554E-D2CF-408A-800B-9A8C36427750}.Debug|Any CPU.ActiveCfg = Debug|Any CPU
		{068E554E-D2CF-408A-800B-9A8C36427750}.Debug|Any CPU.Build.0 = Debug|Any CPU
		{068E554E-D2CF-408A-800B-9A8C36427750}.Debug|ARM.ActiveCfg = Debug|Any CPU
		{068E554E-D2CF-408A-800B-9A8C36427750}.Debug|ARM.Build.0 = Debug|Any CPU
		{068E554E-D2CF-408A-800B-9A8C36427750}.Debug|ARM64.ActiveCfg = Debug|Any CPU
		{068E554E-D2CF-408A-800B-9A8C36427750}.Debug|ARM64.Build.0 = Debug|Any CPU
		{068E554E-D2CF-408A-800B-9A8C36427750}.Debug|x64.ActiveCfg = Debug|Any CPU
		{068E554E-D2CF-408A-800B-9A8C36427750}.Debug|x64.Build.0 = Debug|Any CPU
		{068E554E-D2CF-408A-800B-9A8C36427750}.Debug|x86.ActiveCfg = Debug|Any CPU
		{068E554E-D2CF-408A-800B-9A8C36427750}.Debug|x86.Build.0 = Debug|Any CPU
		{068E554E-D2CF-408A-800B-9A8C36427750}.Release|Any CPU.ActiveCfg = Release|Any CPU
		{068E554E-D2CF-408A-800B-9A8C36427750}.Release|Any CPU.Build.0 = Release|Any CPU
		{068E554E-D2CF-408A-800B-9A8C36427750}.Release|ARM.ActiveCfg = Release|Any CPU
		{068E554E-D2CF-408A-800B-9A8C36427750}.Release|ARM.Build.0 = Release|Any CPU
		{068E554E-D2CF-408A-800B-9A8C36427750}.Release|ARM64.ActiveCfg = Release|Any CPU
		{068E554E-D2CF-408A-800B-9A8C36427750}.Release|ARM64.Build.0 = Release|Any CPU
		{068E554E-D2CF-408A-800B-9A8C36427750}.Release|x64.ActiveCfg = Release|Any CPU
		{068E554E-D2CF-408A-800B-9A8C36427750}.Release|x64.Build.0 = Release|Any CPU
		{068E554E-D2CF-408A-800B-9A8C36427750}.Release|x86.ActiveCfg = Release|Any CPU
		{068E554E-D2CF-408A-800B-9A8C36427750}.Release|x86.Build.0 = Release|Any CPU
		{F72AD030-ED82-4AEC-91FC-44B1CB512D66}.Debug|Any CPU.ActiveCfg = Debug|Any CPU
		{F72AD030-ED82-4AEC-91FC-44B1CB512D66}.Debug|Any CPU.Build.0 = Debug|Any CPU
		{F72AD030-ED82-4AEC-91FC-44B1CB512D66}.Debug|ARM.ActiveCfg = Debug|Any CPU
		{F72AD030-ED82-4AEC-91FC-44B1CB512D66}.Debug|ARM.Build.0 = Debug|Any CPU
		{F72AD030-ED82-4AEC-91FC-44B1CB512D66}.Debug|ARM64.ActiveCfg = Debug|Any CPU
		{F72AD030-ED82-4AEC-91FC-44B1CB512D66}.Debug|ARM64.Build.0 = Debug|Any CPU
		{F72AD030-ED82-4AEC-91FC-44B1CB512D66}.Debug|x64.ActiveCfg = Debug|Any CPU
		{F72AD030-ED82-4AEC-91FC-44B1CB512D66}.Debug|x64.Build.0 = Debug|Any CPU
		{F72AD030-ED82-4AEC-91FC-44B1CB512D66}.Debug|x86.ActiveCfg = Debug|Any CPU
		{F72AD030-ED82-4AEC-91FC-44B1CB512D66}.Debug|x86.Build.0 = Debug|Any CPU
		{F72AD030-ED82-4AEC-91FC-44B1CB512D66}.Release|Any CPU.ActiveCfg = Release|Any CPU
		{F72AD030-ED82-4AEC-91FC-44B1CB512D66}.Release|Any CPU.Build.0 = Release|Any CPU
		{F72AD030-ED82-4AEC-91FC-44B1CB512D66}.Release|ARM.ActiveCfg = Release|Any CPU
		{F72AD030-ED82-4AEC-91FC-44B1CB512D66}.Release|ARM.Build.0 = Release|Any CPU
		{F72AD030-ED82-4AEC-91FC-44B1CB512D66}.Release|ARM64.ActiveCfg = Release|Any CPU
		{F72AD030-ED82-4AEC-91FC-44B1CB512D66}.Release|ARM64.Build.0 = Release|Any CPU
		{F72AD030-ED82-4AEC-91FC-44B1CB512D66}.Release|x64.ActiveCfg = Release|Any CPU
		{F72AD030-ED82-4AEC-91FC-44B1CB512D66}.Release|x64.Build.0 = Release|Any CPU
		{F72AD030-ED82-4AEC-91FC-44B1CB512D66}.Release|x86.ActiveCfg = Release|Any CPU
		{F72AD030-ED82-4AEC-91FC-44B1CB512D66}.Release|x86.Build.0 = Release|Any CPU
		{F0933644-6FFA-45F2-AE40-2EE2B557819A}.Debug|Any CPU.ActiveCfg = Debug|Any CPU
		{F0933644-6FFA-45F2-AE40-2EE2B557819A}.Debug|Any CPU.Build.0 = Debug|Any CPU
		{F0933644-6FFA-45F2-AE40-2EE2B557819A}.Debug|ARM.ActiveCfg = Debug|Any CPU
		{F0933644-6FFA-45F2-AE40-2EE2B557819A}.Debug|ARM.Build.0 = Debug|Any CPU
		{F0933644-6FFA-45F2-AE40-2EE2B557819A}.Debug|ARM64.ActiveCfg = Debug|Any CPU
		{F0933644-6FFA-45F2-AE40-2EE2B557819A}.Debug|ARM64.Build.0 = Debug|Any CPU
		{F0933644-6FFA-45F2-AE40-2EE2B557819A}.Debug|x64.ActiveCfg = Debug|Any CPU
		{F0933644-6FFA-45F2-AE40-2EE2B557819A}.Debug|x64.Build.0 = Debug|Any CPU
		{F0933644-6FFA-45F2-AE40-2EE2B557819A}.Debug|x86.ActiveCfg = Debug|Any CPU
		{F0933644-6FFA-45F2-AE40-2EE2B557819A}.Debug|x86.Build.0 = Debug|Any CPU
		{F0933644-6FFA-45F2-AE40-2EE2B557819A}.Release|Any CPU.ActiveCfg = Release|Any CPU
		{F0933644-6FFA-45F2-AE40-2EE2B557819A}.Release|Any CPU.Build.0 = Release|Any CPU
		{F0933644-6FFA-45F2-AE40-2EE2B557819A}.Release|ARM.ActiveCfg = Release|Any CPU
		{F0933644-6FFA-45F2-AE40-2EE2B557819A}.Release|ARM.Build.0 = Release|Any CPU
		{F0933644-6FFA-45F2-AE40-2EE2B557819A}.Release|ARM64.ActiveCfg = Release|Any CPU
		{F0933644-6FFA-45F2-AE40-2EE2B557819A}.Release|ARM64.Build.0 = Release|Any CPU
		{F0933644-6FFA-45F2-AE40-2EE2B557819A}.Release|x64.ActiveCfg = Release|Any CPU
		{F0933644-6FFA-45F2-AE40-2EE2B557819A}.Release|x64.Build.0 = Release|Any CPU
		{F0933644-6FFA-45F2-AE40-2EE2B557819A}.Release|x86.ActiveCfg = Release|Any CPU
		{F0933644-6FFA-45F2-AE40-2EE2B557819A}.Release|x86.Build.0 = Release|Any CPU
		{56A1E928-0BE3-4C71-8D55-E7B1B97A25B0}.Debug|Any CPU.ActiveCfg = Debug|Any CPU
		{56A1E928-0BE3-4C71-8D55-E7B1B97A25B0}.Debug|Any CPU.Build.0 = Debug|Any CPU
		{56A1E928-0BE3-4C71-8D55-E7B1B97A25B0}.Debug|ARM.ActiveCfg = Debug|Any CPU
		{56A1E928-0BE3-4C71-8D55-E7B1B97A25B0}.Debug|ARM.Build.0 = Debug|Any CPU
		{56A1E928-0BE3-4C71-8D55-E7B1B97A25B0}.Debug|ARM64.ActiveCfg = Debug|Any CPU
		{56A1E928-0BE3-4C71-8D55-E7B1B97A25B0}.Debug|ARM64.Build.0 = Debug|Any CPU
		{56A1E928-0BE3-4C71-8D55-E7B1B97A25B0}.Debug|x64.ActiveCfg = Debug|Any CPU
		{56A1E928-0BE3-4C71-8D55-E7B1B97A25B0}.Debug|x64.Build.0 = Debug|Any CPU
		{56A1E928-0BE3-4C71-8D55-E7B1B97A25B0}.Debug|x86.ActiveCfg = Debug|Any CPU
		{56A1E928-0BE3-4C71-8D55-E7B1B97A25B0}.Debug|x86.Build.0 = Debug|Any CPU
		{56A1E928-0BE3-4C71-8D55-E7B1B97A25B0}.Release|Any CPU.ActiveCfg = Release|Any CPU
		{56A1E928-0BE3-4C71-8D55-E7B1B97A25B0}.Release|Any CPU.Build.0 = Release|Any CPU
		{56A1E928-0BE3-4C71-8D55-E7B1B97A25B0}.Release|ARM.ActiveCfg = Release|Any CPU
		{56A1E928-0BE3-4C71-8D55-E7B1B97A25B0}.Release|ARM.Build.0 = Release|Any CPU
		{56A1E928-0BE3-4C71-8D55-E7B1B97A25B0}.Release|ARM64.ActiveCfg = Release|Any CPU
		{56A1E928-0BE3-4C71-8D55-E7B1B97A25B0}.Release|ARM64.Build.0 = Release|Any CPU
		{56A1E928-0BE3-4C71-8D55-E7B1B97A25B0}.Release|x64.ActiveCfg = Release|Any CPU
		{56A1E928-0BE3-4C71-8D55-E7B1B97A25B0}.Release|x64.Build.0 = Release|Any CPU
		{56A1E928-0BE3-4C71-8D55-E7B1B97A25B0}.Release|x86.ActiveCfg = Release|Any CPU
		{56A1E928-0BE3-4C71-8D55-E7B1B97A25B0}.Release|x86.Build.0 = Release|Any CPU
		{BFFC7143-3EC7-4BAC-BFAE-D1D8F5EF2059}.Debug|Any CPU.ActiveCfg = Debug|Any CPU
		{BFFC7143-3EC7-4BAC-BFAE-D1D8F5EF2059}.Debug|Any CPU.Build.0 = Debug|Any CPU
		{BFFC7143-3EC7-4BAC-BFAE-D1D8F5EF2059}.Debug|ARM.ActiveCfg = Debug|Any CPU
		{BFFC7143-3EC7-4BAC-BFAE-D1D8F5EF2059}.Debug|ARM.Build.0 = Debug|Any CPU
		{BFFC7143-3EC7-4BAC-BFAE-D1D8F5EF2059}.Debug|ARM64.ActiveCfg = Debug|Any CPU
		{BFFC7143-3EC7-4BAC-BFAE-D1D8F5EF2059}.Debug|ARM64.Build.0 = Debug|Any CPU
		{BFFC7143-3EC7-4BAC-BFAE-D1D8F5EF2059}.Debug|x64.ActiveCfg = Debug|Any CPU
		{BFFC7143-3EC7-4BAC-BFAE-D1D8F5EF2059}.Debug|x64.Build.0 = Debug|Any CPU
		{BFFC7143-3EC7-4BAC-BFAE-D1D8F5EF2059}.Debug|x86.ActiveCfg = Debug|Any CPU
		{BFFC7143-3EC7-4BAC-BFAE-D1D8F5EF2059}.Debug|x86.Build.0 = Debug|Any CPU
		{BFFC7143-3EC7-4BAC-BFAE-D1D8F5EF2059}.Release|Any CPU.ActiveCfg = Release|Any CPU
		{BFFC7143-3EC7-4BAC-BFAE-D1D8F5EF2059}.Release|Any CPU.Build.0 = Release|Any CPU
		{BFFC7143-3EC7-4BAC-BFAE-D1D8F5EF2059}.Release|ARM.ActiveCfg = Release|Any CPU
		{BFFC7143-3EC7-4BAC-BFAE-D1D8F5EF2059}.Release|ARM.Build.0 = Release|Any CPU
		{BFFC7143-3EC7-4BAC-BFAE-D1D8F5EF2059}.Release|ARM64.ActiveCfg = Release|Any CPU
		{BFFC7143-3EC7-4BAC-BFAE-D1D8F5EF2059}.Release|ARM64.Build.0 = Release|Any CPU
		{BFFC7143-3EC7-4BAC-BFAE-D1D8F5EF2059}.Release|x64.ActiveCfg = Release|Any CPU
		{BFFC7143-3EC7-4BAC-BFAE-D1D8F5EF2059}.Release|x64.Build.0 = Release|Any CPU
		{BFFC7143-3EC7-4BAC-BFAE-D1D8F5EF2059}.Release|x86.ActiveCfg = Release|Any CPU
		{BFFC7143-3EC7-4BAC-BFAE-D1D8F5EF2059}.Release|x86.Build.0 = Release|Any CPU
		{2B826FD2-DAB7-461C-85DB-A55919D6CE04}.Debug|Any CPU.ActiveCfg = Debug|Any CPU
		{2B826FD2-DAB7-461C-85DB-A55919D6CE04}.Debug|Any CPU.Build.0 = Debug|Any CPU
		{2B826FD2-DAB7-461C-85DB-A55919D6CE04}.Debug|ARM.ActiveCfg = Debug|Any CPU
		{2B826FD2-DAB7-461C-85DB-A55919D6CE04}.Debug|ARM.Build.0 = Debug|Any CPU
		{2B826FD2-DAB7-461C-85DB-A55919D6CE04}.Debug|ARM64.ActiveCfg = Debug|Any CPU
		{2B826FD2-DAB7-461C-85DB-A55919D6CE04}.Debug|ARM64.Build.0 = Debug|Any CPU
		{2B826FD2-DAB7-461C-85DB-A55919D6CE04}.Debug|x64.ActiveCfg = Debug|Any CPU
		{2B826FD2-DAB7-461C-85DB-A55919D6CE04}.Debug|x64.Build.0 = Debug|Any CPU
		{2B826FD2-DAB7-461C-85DB-A55919D6CE04}.Debug|x86.ActiveCfg = Debug|Any CPU
		{2B826FD2-DAB7-461C-85DB-A55919D6CE04}.Debug|x86.Build.0 = Debug|Any CPU
		{2B826FD2-DAB7-461C-85DB-A55919D6CE04}.Release|Any CPU.ActiveCfg = Release|Any CPU
		{2B826FD2-DAB7-461C-85DB-A55919D6CE04}.Release|Any CPU.Build.0 = Release|Any CPU
		{2B826FD2-DAB7-461C-85DB-A55919D6CE04}.Release|ARM.ActiveCfg = Release|Any CPU
		{2B826FD2-DAB7-461C-85DB-A55919D6CE04}.Release|ARM.Build.0 = Release|Any CPU
		{2B826FD2-DAB7-461C-85DB-A55919D6CE04}.Release|ARM64.ActiveCfg = Release|Any CPU
		{2B826FD2-DAB7-461C-85DB-A55919D6CE04}.Release|ARM64.Build.0 = Release|Any CPU
		{2B826FD2-DAB7-461C-85DB-A55919D6CE04}.Release|x64.ActiveCfg = Release|Any CPU
		{2B826FD2-DAB7-461C-85DB-A55919D6CE04}.Release|x64.Build.0 = Release|Any CPU
		{2B826FD2-DAB7-461C-85DB-A55919D6CE04}.Release|x86.ActiveCfg = Release|Any CPU
		{2B826FD2-DAB7-461C-85DB-A55919D6CE04}.Release|x86.Build.0 = Release|Any CPU
	EndGlobalSection
	GlobalSection(SolutionProperties) = preSolution
		HideSolutionNode = FALSE
	EndGlobalSection
	GlobalSection(ExtensibilityGlobals) = postSolution
		SolutionGuid = {DE5FF168-7EF0-4231-914D-1782EEE30AFE}
	EndGlobalSection
EndGlobal
